
Microsoft Visual Studio Solution File, Format Version 12.00
# Visual Studio Version 16
VisualStudioVersion = 16.0.29519.181
MinimumVisualStudioVersion = 10.0.40219.1
Project("{FAE04EC0-301F-11D3-BF4B-00C04F79EFBC}") = "msg64_Gateway", "msg64_Gateway\msg64_Gateway.csproj", "{F17EECB9-DFBA-4E80-A20C-0A6C2623FE50}"
EndProject
Global
	GlobalSection(SolutionConfigurationPlatforms) = preSolution
		Debug|Any CPU = Debug|Any CPU
		Release|Any CPU = Release|Any CPU
	EndGlobalSection
	GlobalSection(ProjectConfigurationPlatforms) = postSolution
		{F17EECB9-DFBA-4E80-A20C-0A6C2623FE50}.Debug|Any CPU.ActiveCfg = Debug|Any CPU
		{F17EECB9-DFBA-4E80-A20C-0A6C2623FE50}.Debug|Any CPU.Build.0 = Debug|Any CPU
		{F17EECB9-DFBA-4E80-A20C-0A6C2623FE50}.Release|Any CPU.ActiveCfg = Release|Any CPU
		{F17EECB9-DFBA-4E80-A20C-0A6C2623FE50}.Release|Any CPU.Build.0 = Release|Any CPU
	EndGlobalSection
	GlobalSection(SolutionProperties) = preSolution
		HideSolutionNode = FALSE
	EndGlobalSection
	GlobalSection(ExtensibilityGlobals) = postSolution
		SolutionGuid = {A2385821-A158-4727-BAA9-EBFD17EC2A21}
	EndGlobalSection
EndGlobal
